// !$*UTF8*$!
{
	archiveVersion = 1;
	classes = {
	};
	objectVersion = 55;
	objects = {

/* Begin PBXBuildFile section */
		D2179B2B2DBF8B1D0029ED50 /* TrackersViewController.swift in Sources */ = {isa = PBXBuildFile; fileRef = D2179B2A2DBF8B1D0029ED50 /* TrackersViewController.swift */; };
		D2403B012DD9E17100E65CDC /* UIColorValueTransformer.swift in Sources */ = {isa = PBXBuildFile; fileRef = D2403B002DD9E17100E65CDC /* UIColorValueTransformer.swift */; };
		D2403B032DD9E37E00E65CDC /* ScheduleValueTransformer.swift in Sources */ = {isa = PBXBuildFile; fileRef = D2403B022DD9E37E00E65CDC /* ScheduleValueTransformer.swift */; };
		D2929C9D2DBEC574005CCC70 /* AppDelegate.swift in Sources */ = {isa = PBXBuildFile; fileRef = D2929C9C2DBEC574005CCC70 /* AppDelegate.swift */; };
		D2929C9F2DBEC574005CCC70 /* SceneDelegate.swift in Sources */ = {isa = PBXBuildFile; fileRef = D2929C9E2DBEC574005CCC70 /* SceneDelegate.swift */; };
		D2929CA42DBEC574005CCC70 /* Main.storyboard in Resources */ = {isa = PBXBuildFile; fileRef = D2929CA22DBEC574005CCC70 /* Main.storyboard */; };
		D2929CA72DBEC574005CCC70 /* Tracker.xcdatamodeld in Sources */ = {isa = PBXBuildFile; fileRef = D2929CA52DBEC574005CCC70 /* Tracker.xcdatamodeld */; };
		D2929CA92DBEC577005CCC70 /* Assets.xcassets in Resources */ = {isa = PBXBuildFile; fileRef = D2929CA82DBEC577005CCC70 /* Assets.xcassets */; };
		D2929CAC2DBEC577005CCC70 /* LaunchScreen.storyboard in Resources */ = {isa = PBXBuildFile; fileRef = D2929CAA2DBEC577005CCC70 /* LaunchScreen.storyboard */; };
		D2929CB72DBEC577005CCC70 /* TrackerTests.swift in Sources */ = {isa = PBXBuildFile; fileRef = D2929CB62DBEC577005CCC70 /* TrackerTests.swift */; };
		D2929CC12DBEC577005CCC70 /* TrackerUITests.swift in Sources */ = {isa = PBXBuildFile; fileRef = D2929CC02DBEC577005CCC70 /* TrackerUITests.swift */; };
		D2929CC32DBEC577005CCC70 /* TrackerUITestsLaunchTests.swift in Sources */ = {isa = PBXBuildFile; fileRef = D2929CC22DBEC577005CCC70 /* TrackerUITestsLaunchTests.swift */; };
		D2929CD22DBF75BD005CCC70 /* UIColor+Extensions.swift in Sources */ = {isa = PBXBuildFile; fileRef = D2929CD12DBF75BD005CCC70 /* UIColor+Extensions.swift */; };
		D2929CD42DBF762E005CCC70 /* UIColorForSections+Extensions.swift in Sources */ = {isa = PBXBuildFile; fileRef = D2929CD32DBF762E005CCC70 /* UIColorForSections+Extensions.swift */; };
		D2BD72752DD651DE0054DC18 /* TrackersMockups.swift in Sources */ = {isa = PBXBuildFile; fileRef = D2BD72742DD651DE0054DC18 /* TrackersMockups.swift */; };
		D2C45D4D2DCA164A00DA5D1F /* ScheduleTableViewCell.swift in Sources */ = {isa = PBXBuildFile; fileRef = D2C45D4C2DCA164A00DA5D1F /* ScheduleTableViewCell.swift */; };
		D2C45D4F2DCA5E0F00DA5D1F /* ScheduleTableViewController.swift in Sources */ = {isa = PBXBuildFile; fileRef = D2C45D4E2DCA5E0F00DA5D1F /* ScheduleTableViewController.swift */; };
		D2C45D512DCA5E2600DA5D1F /* CollectionTableViewController.swift in Sources */ = {isa = PBXBuildFile; fileRef = D2C45D502DCA5E2600DA5D1F /* CollectionTableViewController.swift */; };
		D2D110CA2DC34B70003AE980 /* TrackerCategory.swift in Sources */ = {isa = PBXBuildFile; fileRef = D2D110C92DC34B70003AE980 /* TrackerCategory.swift */; };
		D2D110CC2DC34B7A003AE980 /* TrackerRecord.swift in Sources */ = {isa = PBXBuildFile; fileRef = D2D110CB2DC34B7A003AE980 /* TrackerRecord.swift */; };
		D2D110CE2DC34B8D003AE980 /* Tracker.swift in Sources */ = {isa = PBXBuildFile; fileRef = D2D110CD2DC34B8D003AE980 /* Tracker.swift */; };
		D2D110D12DC4147F003AE980 /* TrackerCollectionView.swift in Sources */ = {isa = PBXBuildFile; fileRef = D2D110D02DC4147F003AE980 /* TrackerCollectionView.swift */; };
		D2D110D32DC4148A003AE980 /* TrackerCollectionViewCell.swift in Sources */ = {isa = PBXBuildFile; fileRef = D2D110D22DC4148A003AE980 /* TrackerCollectionViewCell.swift */; };
		D2D110D52DC41501003AE980 /* SupplementaryView.swift in Sources */ = {isa = PBXBuildFile; fileRef = D2D110D42DC41501003AE980 /* SupplementaryView.swift */; };
		D2DB263C2DC7678D00B913F4 /* CreatingTrackerViewController.swift in Sources */ = {isa = PBXBuildFile; fileRef = D2DB263B2DC7678D00B913F4 /* CreatingTrackerViewController.swift */; };
		D2DB263E2DC7757800B913F4 /* CreatingHabitViewController.swift in Sources */ = {isa = PBXBuildFile; fileRef = D2DB263D2DC7757800B913F4 /* CreatingHabitViewController.swift */; };
		D2DB26402DC7759600B913F4 /* CreatingIrregularEventViewContoller.swift in Sources */ = {isa = PBXBuildFile; fileRef = D2DB263F2DC7759600B913F4 /* CreatingIrregularEventViewContoller.swift */; };
		D2DB26432DC78BA900B913F4 /* TrackerOptionsTableView.swift in Sources */ = {isa = PBXBuildFile; fileRef = D2DB26422DC78BA900B913F4 /* TrackerOptionsTableView.swift */; };
		D2DB26452DC79D8000B913F4 /* EmojiCollectionView.swift in Sources */ = {isa = PBXBuildFile; fileRef = D2DB26442DC79D8000B913F4 /* EmojiCollectionView.swift */; };
		D2DB26492DC79DB600B913F4 /* ColorCollectionView.swift in Sources */ = {isa = PBXBuildFile; fileRef = D2DB26482DC79DB600B913F4 /* ColorCollectionView.swift */; };
		D2DB264C2DC7A60B00B913F4 /* EmojiCollectionViewCell.swift in Sources */ = {isa = PBXBuildFile; fileRef = D2DB264B2DC7A60B00B913F4 /* EmojiCollectionViewCell.swift */; };
		D2DB264E2DC7AD4B00B913F4 /* ColorCollectionViewCell.swift in Sources */ = {isa = PBXBuildFile; fileRef = D2DB264D2DC7AD4B00B913F4 /* ColorCollectionViewCell.swift */; };
		D2FB9CF92DCF68E500DFFAF4 /* CreatingCollectionViewController.swift in Sources */ = {isa = PBXBuildFile; fileRef = D2FB9CF82DCF68E500DFFAF4 /* CreatingCollectionViewController.swift */; };
		D2FD0B892DBFC4A900552FFC /* StatisticsViewController.swift in Sources */ = {isa = PBXBuildFile; fileRef = D2FD0B882DBFC4A900552FFC /* StatisticsViewController.swift */; };
		D2FD0B8D2DBFC4CB00552FFC /* AppTabBarController.swift in Sources */ = {isa = PBXBuildFile; fileRef = D2FD0B8C2DBFC4CB00552FFC /* AppTabBarController.swift */; };
/* End PBXBuildFile section */

/* Begin PBXContainerItemProxy section */
		D2929CB32DBEC577005CCC70 /* PBXContainerItemProxy */ = {
			isa = PBXContainerItemProxy;
			containerPortal = D2929C912DBEC574005CCC70 /* Project object */;
			proxyType = 1;
			remoteGlobalIDString = D2929C982DBEC574005CCC70;
			remoteInfo = Tracker;
		};
		D2929CBD2DBEC577005CCC70 /* PBXContainerItemProxy */ = {
			isa = PBXContainerItemProxy;
			containerPortal = D2929C912DBEC574005CCC70 /* Project object */;
			proxyType = 1;
			remoteGlobalIDString = D2929C982DBEC574005CCC70;
			remoteInfo = Tracker;
		};
/* End PBXContainerItemProxy section */

/* Begin PBXFileReference section */
		D2179B2A2DBF8B1D0029ED50 /* TrackersViewController.swift */ = {isa = PBXFileReference; lastKnownFileType = sourcecode.swift; path = TrackersViewController.swift; sourceTree = "<group>"; };
		D2403B002DD9E17100E65CDC /* UIColorValueTransformer.swift */ = {isa = PBXFileReference; lastKnownFileType = sourcecode.swift; path = UIColorValueTransformer.swift; sourceTree = "<group>"; };
		D2403B022DD9E37E00E65CDC /* ScheduleValueTransformer.swift */ = {isa = PBXFileReference; lastKnownFileType = sourcecode.swift; path = ScheduleValueTransformer.swift; sourceTree = "<group>"; };
		D2929C992DBEC574005CCC70 /* Tracker.app */ = {isa = PBXFileReference; explicitFileType = wrapper.application; includeInIndex = 0; path = Tracker.app; sourceTree = BUILT_PRODUCTS_DIR; };
		D2929C9C2DBEC574005CCC70 /* AppDelegate.swift */ = {isa = PBXFileReference; lastKnownFileType = sourcecode.swift; path = AppDelegate.swift; sourceTree = "<group>"; };
		D2929C9E2DBEC574005CCC70 /* SceneDelegate.swift */ = {isa = PBXFileReference; lastKnownFileType = sourcecode.swift; path = SceneDelegate.swift; sourceTree = "<group>"; };
		D2929CA32DBEC574005CCC70 /* Base */ = {isa = PBXFileReference; lastKnownFileType = file.storyboard; name = Base; path = Base.lproj/Main.storyboard; sourceTree = "<group>"; };
		D2929CA62DBEC574005CCC70 /* Tracker.xcdatamodel */ = {isa = PBXFileReference; lastKnownFileType = wrapper.xcdatamodel; path = Tracker.xcdatamodel; sourceTree = "<group>"; };
		D2929CA82DBEC577005CCC70 /* Assets.xcassets */ = {isa = PBXFileReference; lastKnownFileType = folder.assetcatalog; path = Assets.xcassets; sourceTree = "<group>"; };
		D2929CAB2DBEC577005CCC70 /* Base */ = {isa = PBXFileReference; lastKnownFileType = file.storyboard; name = Base; path = Base.lproj/LaunchScreen.storyboard; sourceTree = "<group>"; };
		D2929CAD2DBEC577005CCC70 /* Info.plist */ = {isa = PBXFileReference; lastKnownFileType = text.plist.xml; path = Info.plist; sourceTree = "<group>"; };
		D2929CB22DBEC577005CCC70 /* TrackerTests.xctest */ = {isa = PBXFileReference; explicitFileType = wrapper.cfbundle; includeInIndex = 0; path = TrackerTests.xctest; sourceTree = BUILT_PRODUCTS_DIR; };
		D2929CB62DBEC577005CCC70 /* TrackerTests.swift */ = {isa = PBXFileReference; lastKnownFileType = sourcecode.swift; path = TrackerTests.swift; sourceTree = "<group>"; };
		D2929CBC2DBEC577005CCC70 /* TrackerUITests.xctest */ = {isa = PBXFileReference; explicitFileType = wrapper.cfbundle; includeInIndex = 0; path = TrackerUITests.xctest; sourceTree = BUILT_PRODUCTS_DIR; };
		D2929CC02DBEC577005CCC70 /* TrackerUITests.swift */ = {isa = PBXFileReference; lastKnownFileType = sourcecode.swift; path = TrackerUITests.swift; sourceTree = "<group>"; };
		D2929CC22DBEC577005CCC70 /* TrackerUITestsLaunchTests.swift */ = {isa = PBXFileReference; lastKnownFileType = sourcecode.swift; path = TrackerUITestsLaunchTests.swift; sourceTree = "<group>"; };
		D2929CD12DBF75BD005CCC70 /* UIColor+Extensions.swift */ = {isa = PBXFileReference; lastKnownFileType = sourcecode.swift; path = "UIColor+Extensions.swift"; sourceTree = "<group>"; };
		D2929CD32DBF762E005CCC70 /* UIColorForSections+Extensions.swift */ = {isa = PBXFileReference; lastKnownFileType = sourcecode.swift; path = "UIColorForSections+Extensions.swift"; sourceTree = "<group>"; };
		D2BD72742DD651DE0054DC18 /* TrackersMockups.swift */ = {isa = PBXFileReference; lastKnownFileType = sourcecode.swift; path = TrackersMockups.swift; sourceTree = "<group>"; };
		D2C45D4C2DCA164A00DA5D1F /* ScheduleTableViewCell.swift */ = {isa = PBXFileReference; lastKnownFileType = sourcecode.swift; path = ScheduleTableViewCell.swift; sourceTree = "<group>"; };
		D2C45D4E2DCA5E0F00DA5D1F /* ScheduleTableViewController.swift */ = {isa = PBXFileReference; lastKnownFileType = sourcecode.swift; path = ScheduleTableViewController.swift; sourceTree = "<group>"; };
		D2C45D502DCA5E2600DA5D1F /* CollectionTableViewController.swift */ = {isa = PBXFileReference; lastKnownFileType = sourcecode.swift; path = CollectionTableViewController.swift; sourceTree = "<group>"; };
		D2D110C92DC34B70003AE980 /* TrackerCategory.swift */ = {isa = PBXFileReference; lastKnownFileType = sourcecode.swift; path = TrackerCategory.swift; sourceTree = "<group>"; };
		D2D110CB2DC34B7A003AE980 /* TrackerRecord.swift */ = {isa = PBXFileReference; lastKnownFileType = sourcecode.swift; path = TrackerRecord.swift; sourceTree = "<group>"; };
		D2D110CD2DC34B8D003AE980 /* Tracker.swift */ = {isa = PBXFileReference; lastKnownFileType = sourcecode.swift; path = Tracker.swift; sourceTree = "<group>"; };
		D2D110D02DC4147F003AE980 /* TrackerCollectionView.swift */ = {isa = PBXFileReference; lastKnownFileType = sourcecode.swift; path = TrackerCollectionView.swift; sourceTree = "<group>"; };
		D2D110D22DC4148A003AE980 /* TrackerCollectionViewCell.swift */ = {isa = PBXFileReference; lastKnownFileType = sourcecode.swift; path = TrackerCollectionViewCell.swift; sourceTree = "<group>"; };
		D2D110D42DC41501003AE980 /* SupplementaryView.swift */ = {isa = PBXFileReference; lastKnownFileType = sourcecode.swift; path = SupplementaryView.swift; sourceTree = "<group>"; };
		D2DB263B2DC7678D00B913F4 /* CreatingTrackerViewController.swift */ = {isa = PBXFileReference; lastKnownFileType = sourcecode.swift; path = CreatingTrackerViewController.swift; sourceTree = "<group>"; };
		D2DB263D2DC7757800B913F4 /* CreatingHabitViewController.swift */ = {isa = PBXFileReference; lastKnownFileType = sourcecode.swift; path = CreatingHabitViewController.swift; sourceTree = "<group>"; };
		D2DB263F2DC7759600B913F4 /* CreatingIrregularEventViewContoller.swift */ = {isa = PBXFileReference; lastKnownFileType = sourcecode.swift; path = CreatingIrregularEventViewContoller.swift; sourceTree = "<group>"; };
		D2DB26422DC78BA900B913F4 /* TrackerOptionsTableView.swift */ = {isa = PBXFileReference; lastKnownFileType = sourcecode.swift; path = TrackerOptionsTableView.swift; sourceTree = "<group>"; };
		D2DB26442DC79D8000B913F4 /* EmojiCollectionView.swift */ = {isa = PBXFileReference; lastKnownFileType = sourcecode.swift; path = EmojiCollectionView.swift; sourceTree = "<group>"; };
		D2DB26482DC79DB600B913F4 /* ColorCollectionView.swift */ = {isa = PBXFileReference; lastKnownFileType = sourcecode.swift; path = ColorCollectionView.swift; sourceTree = "<group>"; };
		D2DB264B2DC7A60B00B913F4 /* EmojiCollectionViewCell.swift */ = {isa = PBXFileReference; lastKnownFileType = sourcecode.swift; path = EmojiCollectionViewCell.swift; sourceTree = "<group>"; };
		D2DB264D2DC7AD4B00B913F4 /* ColorCollectionViewCell.swift */ = {isa = PBXFileReference; lastKnownFileType = sourcecode.swift; path = ColorCollectionViewCell.swift; sourceTree = "<group>"; };
		D2FB9CF82DCF68E500DFFAF4 /* CreatingCollectionViewController.swift */ = {isa = PBXFileReference; lastKnownFileType = sourcecode.swift; path = CreatingCollectionViewController.swift; sourceTree = "<group>"; };
		D2FD0B882DBFC4A900552FFC /* StatisticsViewController.swift */ = {isa = PBXFileReference; lastKnownFileType = sourcecode.swift; path = StatisticsViewController.swift; sourceTree = "<group>"; };
		D2FD0B8C2DBFC4CB00552FFC /* AppTabBarController.swift */ = {isa = PBXFileReference; lastKnownFileType = sourcecode.swift; path = AppTabBarController.swift; sourceTree = "<group>"; };
/* End PBXFileReference section */

/* Begin PBXFrameworksBuildPhase section */
		D2929C962DBEC574005CCC70 /* Frameworks */ = {
			isa = PBXFrameworksBuildPhase;
			buildActionMask = 2147483647;
			files = (
			);
			runOnlyForDeploymentPostprocessing = 0;
		};
		D2929CAF2DBEC577005CCC70 /* Frameworks */ = {
			isa = PBXFrameworksBuildPhase;
			buildActionMask = 2147483647;
			files = (
			);
			runOnlyForDeploymentPostprocessing = 0;
		};
		D2929CB92DBEC577005CCC70 /* Frameworks */ = {
			isa = PBXFrameworksBuildPhase;
			buildActionMask = 2147483647;
			files = (
			);
			runOnlyForDeploymentPostprocessing = 0;
		};
/* End PBXFrameworksBuildPhase section */

/* Begin PBXGroup section */
		D2403AFF2DD9E14F00E65CDC /* Transformer */ = {
			isa = PBXGroup;
			children = (
				D2403B002DD9E17100E65CDC /* UIColorValueTransformer.swift */,
				D2403B022DD9E37E00E65CDC /* ScheduleValueTransformer.swift */,
			);
			path = Transformer;
			sourceTree = "<group>";
		};
		D2929C902DBEC574005CCC70 = {
			isa = PBXGroup;
			children = (
				D2929C9B2DBEC574005CCC70 /* Tracker */,
				D2929CB52DBEC577005CCC70 /* TrackerTests */,
				D2929CBF2DBEC577005CCC70 /* TrackerUITests */,
				D2929C9A2DBEC574005CCC70 /* Products */,
			);
			sourceTree = "<group>";
		};
		D2929C9A2DBEC574005CCC70 /* Products */ = {
			isa = PBXGroup;
			children = (
				D2929C992DBEC574005CCC70 /* Tracker.app */,
				D2929CB22DBEC577005CCC70 /* TrackerTests.xctest */,
				D2929CBC2DBEC577005CCC70 /* TrackerUITests.xctest */,
			);
			name = Products;
			sourceTree = "<group>";
		};
		D2929C9B2DBEC574005CCC70 /* Tracker */ = {
			isa = PBXGroup;
			children = (
				D2DB263A2DC7676B00B913F4 /* CreatingTrackerViewController */,
				D2D110CF2DC41466003AE980 /* TrackerCollectionView */,
				D2D110C82DC34B5E003AE980 /* Models */,
				D2FD0B8F2DBFC4DE00552FFC /* StatisticsViewController */,
				D2FD0B8E2DBFC4D100552FFC /* TrackersViewController */,
				D2FD0B8B2DBFC4C200552FFC /* AppTabBarController */,
				D2929CD02DBF75AC005CCC70 /* Helpers */,
				D2929CCF2DBF750B005CCC70 /* Resources */,
				D2929C9C2DBEC574005CCC70 /* AppDelegate.swift */,
				D2929C9E2DBEC574005CCC70 /* SceneDelegate.swift */,
				D2929CA22DBEC574005CCC70 /* Main.storyboard */,
				D2929CA52DBEC574005CCC70 /* Tracker.xcdatamodeld */,
			);
			path = Tracker;
			sourceTree = "<group>";
		};
		D2929CB52DBEC577005CCC70 /* TrackerTests */ = {
			isa = PBXGroup;
			children = (
				D2929CB62DBEC577005CCC70 /* TrackerTests.swift */,
			);
			path = TrackerTests;
			sourceTree = "<group>";
		};
		D2929CBF2DBEC577005CCC70 /* TrackerUITests */ = {
			isa = PBXGroup;
			children = (
				D2929CC02DBEC577005CCC70 /* TrackerUITests.swift */,
				D2929CC22DBEC577005CCC70 /* TrackerUITestsLaunchTests.swift */,
			);
			path = TrackerUITests;
			sourceTree = "<group>";
		};
		D2929CCF2DBF750B005CCC70 /* Resources */ = {
			isa = PBXGroup;
			children = (
				D2929CA82DBEC577005CCC70 /* Assets.xcassets */,
				D2929CAA2DBEC577005CCC70 /* LaunchScreen.storyboard */,
				D2929CAD2DBEC577005CCC70 /* Info.plist */,
			);
			path = Resources;
			sourceTree = "<group>";
		};
		D2929CD02DBF75AC005CCC70 /* Helpers */ = {
			isa = PBXGroup;
			children = (
				D2929CD12DBF75BD005CCC70 /* UIColor+Extensions.swift */,
				D2929CD32DBF762E005CCC70 /* UIColorForSections+Extensions.swift */,
			);
			path = Helpers;
			sourceTree = "<group>";
		};
		D2C45D462DCA155F00DA5D1F /* CreatingHabitViewController */ = {
			isa = PBXGroup;
			children = (
				D2DB263D2DC7757800B913F4 /* CreatingHabitViewController.swift */,
				D2DB26472DC79DA600B913F4 /* ColorCollectionView */,
				D2DB26462DC79D9900B913F4 /* EmojiCollectionView */,
				D2DB26412DC78B9800B913F4 /* TrackerOptionsTableView */,
			);
			path = CreatingHabitViewController;
			sourceTree = "<group>";
		};
		D2C45D472DCA158B00DA5D1F /* CreatingIrregularEventViewContoller */ = {
			isa = PBXGroup;
			children = (
				D2DB263F2DC7759600B913F4 /* CreatingIrregularEventViewContoller.swift */,
			);
			path = CreatingIrregularEventViewContoller;
			sourceTree = "<group>";
		};
		D2C45D482DCA15B900DA5D1F /* CollectionTableViewController */ = {
			isa = PBXGroup;
			children = (
				D2C45D502DCA5E2600DA5D1F /* CollectionTableViewController.swift */,
				D2FB9CFC2DCF77D700DFFAF4 /* CreatingCollectionViewController */,
			);
			path = CollectionTableViewController;
			sourceTree = "<group>";
		};
		D2C45D4B2DCA162700DA5D1F /* ScheduleTableViewController */ = {
			isa = PBXGroup;
			children = (
				D2C45D4E2DCA5E0F00DA5D1F /* ScheduleTableViewController.swift */,
				D2C45D4C2DCA164A00DA5D1F /* ScheduleTableViewCell.swift */,
			);
			path = ScheduleTableViewController;
			sourceTree = "<group>";
		};
		D2D110C82DC34B5E003AE980 /* Models */ = {
			isa = PBXGroup;
			children = (
				D2403AFF2DD9E14F00E65CDC /* Transformer */,
				D2D110CB2DC34B7A003AE980 /* TrackerRecord.swift */,
				D2D110C92DC34B70003AE980 /* TrackerCategory.swift */,
				D2D110CD2DC34B8D003AE980 /* Tracker.swift */,
			);
			path = Models;
			sourceTree = "<group>";
		};
		D2D110CF2DC41466003AE980 /* TrackerCollectionView */ = {
			isa = PBXGroup;
			children = (
				D2D110D02DC4147F003AE980 /* TrackerCollectionView.swift */,
				D2D110D22DC4148A003AE980 /* TrackerCollectionViewCell.swift */,
				D2D110D42DC41501003AE980 /* SupplementaryView.swift */,
			);
			path = TrackerCollectionView;
			sourceTree = "<group>";
		};
		D2DB263A2DC7676B00B913F4 /* CreatingTrackerViewController */ = {
			isa = PBXGroup;
			children = (
				D2DB263B2DC7678D00B913F4 /* CreatingTrackerViewController.swift */,
				D2C45D472DCA158B00DA5D1F /* CreatingIrregularEventViewContoller */,
				D2C45D462DCA155F00DA5D1F /* CreatingHabitViewController */,
			);
			path = CreatingTrackerViewController;
			sourceTree = "<group>";
		};
		D2DB26412DC78B9800B913F4 /* TrackerOptionsTableView */ = {
			isa = PBXGroup;
			children = (
				D2DB26422DC78BA900B913F4 /* TrackerOptionsTableView.swift */,
				D2C45D482DCA15B900DA5D1F /* CollectionTableViewController */,
				D2C45D4B2DCA162700DA5D1F /* ScheduleTableViewController */,
			);
			path = TrackerOptionsTableView;
			sourceTree = "<group>";
		};
		D2DB26462DC79D9900B913F4 /* EmojiCollectionView */ = {
			isa = PBXGroup;
			children = (
				D2DB26442DC79D8000B913F4 /* EmojiCollectionView.swift */,
				D2DB264B2DC7A60B00B913F4 /* EmojiCollectionViewCell.swift */,
			);
			path = EmojiCollectionView;
			sourceTree = "<group>";
		};
		D2DB26472DC79DA600B913F4 /* ColorCollectionView */ = {
			isa = PBXGroup;
			children = (
				D2DB26482DC79DB600B913F4 /* ColorCollectionView.swift */,
				D2DB264D2DC7AD4B00B913F4 /* ColorCollectionViewCell.swift */,
			);
			path = ColorCollectionView;
			sourceTree = "<group>";
		};
		D2FB9CFC2DCF77D700DFFAF4 /* CreatingCollectionViewController */ = {
			isa = PBXGroup;
			children = (
				D2FB9CF82DCF68E500DFFAF4 /* CreatingCollectionViewController.swift */,
			);
			path = CreatingCollectionViewController;
			sourceTree = "<group>";
		};
		D2FD0B8B2DBFC4C200552FFC /* AppTabBarController */ = {
			isa = PBXGroup;
			children = (
				D2FD0B8C2DBFC4CB00552FFC /* AppTabBarController.swift */,
			);
			path = AppTabBarController;
			sourceTree = "<group>";
		};
		D2FD0B8E2DBFC4D100552FFC /* TrackersViewController */ = {
			isa = PBXGroup;
			children = (
				D2179B2A2DBF8B1D0029ED50 /* TrackersViewController.swift */,
				D2BD72742DD651DE0054DC18 /* TrackersMockups.swift */,
			);
			path = TrackersViewController;
			sourceTree = "<group>";
		};
		D2FD0B8F2DBFC4DE00552FFC /* StatisticsViewController */ = {
			isa = PBXGroup;
			children = (
				D2FD0B882DBFC4A900552FFC /* StatisticsViewController.swift */,
			);
			path = StatisticsViewController;
			sourceTree = "<group>";
		};
/* End PBXGroup section */

/* Begin PBXNativeTarget section */
		D2929C982DBEC574005CCC70 /* Tracker */ = {
			isa = PBXNativeTarget;
			buildConfigurationList = D2929CC62DBEC577005CCC70 /* Build configuration list for PBXNativeTarget "Tracker" */;
			buildPhases = (
				D2929C952DBEC574005CCC70 /* Sources */,
				D2929C962DBEC574005CCC70 /* Frameworks */,
				D2929C972DBEC574005CCC70 /* Resources */,
			);
			buildRules = (
			);
			dependencies = (
			);
			name = Tracker;
			productName = Tracker;
			productReference = D2929C992DBEC574005CCC70 /* Tracker.app */;
			productType = "com.apple.product-type.application";
		};
		D2929CB12DBEC577005CCC70 /* TrackerTests */ = {
			isa = PBXNativeTarget;
			buildConfigurationList = D2929CC92DBEC577005CCC70 /* Build configuration list for PBXNativeTarget "TrackerTests" */;
			buildPhases = (
				D2929CAE2DBEC577005CCC70 /* Sources */,
				D2929CAF2DBEC577005CCC70 /* Frameworks */,
				D2929CB02DBEC577005CCC70 /* Resources */,
			);
			buildRules = (
			);
			dependencies = (
				D2929CB42DBEC577005CCC70 /* PBXTargetDependency */,
			);
			name = TrackerTests;
			productName = TrackerTests;
			productReference = D2929CB22DBEC577005CCC70 /* TrackerTests.xctest */;
			productType = "com.apple.product-type.bundle.unit-test";
		};
		D2929CBB2DBEC577005CCC70 /* TrackerUITests */ = {
			isa = PBXNativeTarget;
			buildConfigurationList = D2929CCC2DBEC577005CCC70 /* Build configuration list for PBXNativeTarget "TrackerUITests" */;
			buildPhases = (
				D2929CB82DBEC577005CCC70 /* Sources */,
				D2929CB92DBEC577005CCC70 /* Frameworks */,
				D2929CBA2DBEC577005CCC70 /* Resources */,
			);
			buildRules = (
			);
			dependencies = (
				D2929CBE2DBEC577005CCC70 /* PBXTargetDependency */,
			);
			name = TrackerUITests;
			productName = TrackerUITests;
			productReference = D2929CBC2DBEC577005CCC70 /* TrackerUITests.xctest */;
			productType = "com.apple.product-type.bundle.ui-testing";
		};
/* End PBXNativeTarget section */

/* Begin PBXProject section */
		D2929C912DBEC574005CCC70 /* Project object */ = {
			isa = PBXProject;
			attributes = {
				BuildIndependentTargetsInParallel = 1;
				LastSwiftUpdateCheck = 1320;
				LastUpgradeCheck = 1320;
				TargetAttributes = {
					D2929C982DBEC574005CCC70 = {
						CreatedOnToolsVersion = 13.2.1;
					};
					D2929CB12DBEC577005CCC70 = {
						CreatedOnToolsVersion = 13.2.1;
						TestTargetID = D2929C982DBEC574005CCC70;
					};
					D2929CBB2DBEC577005CCC70 = {
						CreatedOnToolsVersion = 13.2.1;
						TestTargetID = D2929C982DBEC574005CCC70;
					};
				};
			};
			buildConfigurationList = D2929C942DBEC574005CCC70 /* Build configuration list for PBXProject "Tracker" */;
			compatibilityVersion = "Xcode 13.0";
			developmentRegion = en;
			hasScannedForEncodings = 0;
			knownRegions = (
				en,
				Base,
			);
			mainGroup = D2929C902DBEC574005CCC70;
			productRefGroup = D2929C9A2DBEC574005CCC70 /* Products */;
			projectDirPath = "";
			projectRoot = "";
			targets = (
				D2929C982DBEC574005CCC70 /* Tracker */,
				D2929CB12DBEC577005CCC70 /* TrackerTests */,
				D2929CBB2DBEC577005CCC70 /* TrackerUITests */,
			);
		};
/* End PBXProject section */

/* Begin PBXResourcesBuildPhase section */
		D2929C972DBEC574005CCC70 /* Resources */ = {
			isa = PBXResourcesBuildPhase;
			buildActionMask = 2147483647;
			files = (
				D2929CAC2DBEC577005CCC70 /* LaunchScreen.storyboard in Resources */,
				D2929CA92DBEC577005CCC70 /* Assets.xcassets in Resources */,
				D2929CA42DBEC574005CCC70 /* Main.storyboard in Resources */,
			);
			runOnlyForDeploymentPostprocessing = 0;
		};
		D2929CB02DBEC577005CCC70 /* Resources */ = {
			isa = PBXResourcesBuildPhase;
			buildActionMask = 2147483647;
			files = (
			);
			runOnlyForDeploymentPostprocessing = 0;
		};
		D2929CBA2DBEC577005CCC70 /* Resources */ = {
			isa = PBXResourcesBuildPhase;
			buildActionMask = 2147483647;
			files = (
			);
			runOnlyForDeploymentPostprocessing = 0;
		};
/* End PBXResourcesBuildPhase section */

/* Begin PBXSourcesBuildPhase section */
		D2929C952DBEC574005CCC70 /* Sources */ = {
			isa = PBXSourcesBuildPhase;
			buildActionMask = 2147483647;
			files = (
				D2DB26402DC7759600B913F4 /* CreatingIrregularEventViewContoller.swift in Sources */,
				D2DB263E2DC7757800B913F4 /* CreatingHabitViewController.swift in Sources */,
				D2D110CE2DC34B8D003AE980 /* Tracker.swift in Sources */,
				D2D110D12DC4147F003AE980 /* TrackerCollectionView.swift in Sources */,
				D2D110D52DC41501003AE980 /* SupplementaryView.swift in Sources */,
				D2929CA72DBEC574005CCC70 /* Tracker.xcdatamodeld in Sources */,
				D2FB9CF92DCF68E500DFFAF4 /* CreatingCollectionViewController.swift in Sources */,
				D2C45D4F2DCA5E0F00DA5D1F /* ScheduleTableViewController.swift in Sources */,
				D2929CD42DBF762E005CCC70 /* UIColorForSections+Extensions.swift in Sources */,
				D2DB264C2DC7A60B00B913F4 /* EmojiCollectionViewCell.swift in Sources */,
				D2403B012DD9E17100E65CDC /* UIColorValueTransformer.swift in Sources */,
				D2DB264E2DC7AD4B00B913F4 /* ColorCollectionViewCell.swift in Sources */,
				D2929CD22DBF75BD005CCC70 /* UIColor+Extensions.swift in Sources */,
				D2D110CC2DC34B7A003AE980 /* TrackerRecord.swift in Sources */,
				D2FD0B892DBFC4A900552FFC /* StatisticsViewController.swift in Sources */,
				D2DB26492DC79DB600B913F4 /* ColorCollectionView.swift in Sources */,
				D2DB26452DC79D8000B913F4 /* EmojiCollectionView.swift in Sources */,
				D2D110CA2DC34B70003AE980 /* TrackerCategory.swift in Sources */,
				D2DB26432DC78BA900B913F4 /* TrackerOptionsTableView.swift in Sources */,
				D2929C9D2DBEC574005CCC70 /* AppDelegate.swift in Sources */,
				D2C45D4D2DCA164A00DA5D1F /* ScheduleTableViewCell.swift in Sources */,
				D2DB263C2DC7678D00B913F4 /* CreatingTrackerViewController.swift in Sources */,
				D2FD0B8D2DBFC4CB00552FFC /* AppTabBarController.swift in Sources */,
				D2179B2B2DBF8B1D0029ED50 /* TrackersViewController.swift in Sources */,
				D2403B032DD9E37E00E65CDC /* ScheduleValueTransformer.swift in Sources */,
				D2C45D512DCA5E2600DA5D1F /* CollectionTableViewController.swift in Sources */,
				D2D110D32DC4148A003AE980 /* TrackerCollectionViewCell.swift in Sources */,
				D2BD72752DD651DE0054DC18 /* TrackersMockups.swift in Sources */,
				D2929C9F2DBEC574005CCC70 /* SceneDelegate.swift in Sources */,
			);
			runOnlyForDeploymentPostprocessing = 0;
		};
		D2929CAE2DBEC577005CCC70 /* Sources */ = {
			isa = PBXSourcesBuildPhase;
			buildActionMask = 2147483647;
			files = (
				D2929CB72DBEC577005CCC70 /* TrackerTests.swift in Sources */,
			);
			runOnlyForDeploymentPostprocessing = 0;
		};
		D2929CB82DBEC577005CCC70 /* Sources */ = {
			isa = PBXSourcesBuildPhase;
			buildActionMask = 2147483647;
			files = (
				D2929CC12DBEC577005CCC70 /* TrackerUITests.swift in Sources */,
				D2929CC32DBEC577005CCC70 /* TrackerUITestsLaunchTests.swift in Sources */,
			);
			runOnlyForDeploymentPostprocessing = 0;
		};
/* End PBXSourcesBuildPhase section */

/* Begin PBXTargetDependency section */
		D2929CB42DBEC577005CCC70 /* PBXTargetDependency */ = {
			isa = PBXTargetDependency;
			target = D2929C982DBEC574005CCC70 /* Tracker */;
			targetProxy = D2929CB32DBEC577005CCC70 /* PBXContainerItemProxy */;
		};
		D2929CBE2DBEC577005CCC70 /* PBXTargetDependency */ = {
			isa = PBXTargetDependency;
			target = D2929C982DBEC574005CCC70 /* Tracker */;
			targetProxy = D2929CBD2DBEC577005CCC70 /* PBXContainerItemProxy */;
		};
/* End PBXTargetDependency section */

/* Begin PBXVariantGroup section */
		D2929CA22DBEC574005CCC70 /* Main.storyboard */ = {
			isa = PBXVariantGroup;
			children = (
				D2929CA32DBEC574005CCC70 /* Base */,
			);
			name = Main.storyboard;
			sourceTree = "<group>";
		};
		D2929CAA2DBEC577005CCC70 /* LaunchScreen.storyboard */ = {
			isa = PBXVariantGroup;
			children = (
				D2929CAB2DBEC577005CCC70 /* Base */,
			);
			name = LaunchScreen.storyboard;
			sourceTree = "<group>";
		};
/* End PBXVariantGroup section */

/* Begin XCBuildConfiguration section */
		D2929CC42DBEC577005CCC70 /* Debug */ = {
			isa = XCBuildConfiguration;
			buildSettings = {
				ALWAYS_SEARCH_USER_PATHS = NO;
				CLANG_ANALYZER_NONNULL = YES;
				CLANG_ANALYZER_NUMBER_OBJECT_CONVERSION = YES_AGGRESSIVE;
				CLANG_CXX_LANGUAGE_STANDARD = "gnu++17";
				CLANG_CXX_LIBRARY = "libc++";
				CLANG_ENABLE_MODULES = YES;
				CLANG_ENABLE_OBJC_ARC = YES;
				CLANG_ENABLE_OBJC_WEAK = YES;
				CLANG_WARN_BLOCK_CAPTURE_AUTORELEASING = YES;
				CLANG_WARN_BOOL_CONVERSION = YES;
				CLANG_WARN_COMMA = YES;
				CLANG_WARN_CONSTANT_CONVERSION = YES;
				CLANG_WARN_DEPRECATED_OBJC_IMPLEMENTATIONS = YES;
				CLANG_WARN_DIRECT_OBJC_ISA_USAGE = YES_ERROR;
				CLANG_WARN_DOCUMENTATION_COMMENTS = YES;
				CLANG_WARN_EMPTY_BODY = YES;
				CLANG_WARN_ENUM_CONVERSION = YES;
				CLANG_WARN_INFINITE_RECURSION = YES;
				CLANG_WARN_INT_CONVERSION = YES;
				CLANG_WARN_NON_LITERAL_NULL_CONVERSION = YES;
				CLANG_WARN_OBJC_IMPLICIT_RETAIN_SELF = YES;
				CLANG_WARN_OBJC_LITERAL_CONVERSION = YES;
				CLANG_WARN_OBJC_ROOT_CLASS = YES_ERROR;
				CLANG_WARN_QUOTED_INCLUDE_IN_FRAMEWORK_HEADER = YES;
				CLANG_WARN_RANGE_LOOP_ANALYSIS = YES;
				CLANG_WARN_STRICT_PROTOTYPES = YES;
				CLANG_WARN_SUSPICIOUS_MOVE = YES;
				CLANG_WARN_UNGUARDED_AVAILABILITY = YES_AGGRESSIVE;
				CLANG_WARN_UNREACHABLE_CODE = YES;
				CLANG_WARN__DUPLICATE_METHOD_MATCH = YES;
				COPY_PHASE_STRIP = NO;
				DEBUG_INFORMATION_FORMAT = dwarf;
				ENABLE_STRICT_OBJC_MSGSEND = YES;
				ENABLE_TESTABILITY = YES;
				GCC_C_LANGUAGE_STANDARD = gnu11;
				GCC_DYNAMIC_NO_PIC = NO;
				GCC_NO_COMMON_BLOCKS = YES;
				GCC_OPTIMIZATION_LEVEL = 0;
				GCC_PREPROCESSOR_DEFINITIONS = (
					"DEBUG=1",
					"$(inherited)",
				);
				GCC_WARN_64_TO_32_BIT_CONVERSION = YES;
				GCC_WARN_ABOUT_RETURN_TYPE = YES_ERROR;
				GCC_WARN_UNDECLARED_SELECTOR = YES;
				GCC_WARN_UNINITIALIZED_AUTOS = YES_AGGRESSIVE;
				GCC_WARN_UNUSED_FUNCTION = YES;
				GCC_WARN_UNUSED_VARIABLE = YES;
				INFOPLIST_FILE = Tracker/Resources/Info.plist;
				IPHONEOS_DEPLOYMENT_TARGET = 15.2;
				MTL_ENABLE_DEBUG_INFO = INCLUDE_SOURCE;
				MTL_FAST_MATH = YES;
				ONLY_ACTIVE_ARCH = YES;
				SDKROOT = iphoneos;
				SWIFT_ACTIVE_COMPILATION_CONDITIONS = DEBUG;
				SWIFT_OPTIMIZATION_LEVEL = "-Onone";
			};
			name = Debug;
		};
		D2929CC52DBEC577005CCC70 /* Release */ = {
			isa = XCBuildConfiguration;
			buildSettings = {
				ALWAYS_SEARCH_USER_PATHS = NO;
				CLANG_ANALYZER_NONNULL = YES;
				CLANG_ANALYZER_NUMBER_OBJECT_CONVERSION = YES_AGGRESSIVE;
				CLANG_CXX_LANGUAGE_STANDARD = "gnu++17";
				CLANG_CXX_LIBRARY = "libc++";
				CLANG_ENABLE_MODULES = YES;
				CLANG_ENABLE_OBJC_ARC = YES;
				CLANG_ENABLE_OBJC_WEAK = YES;
				CLANG_WARN_BLOCK_CAPTURE_AUTORELEASING = YES;
				CLANG_WARN_BOOL_CONVERSION = YES;
				CLANG_WARN_COMMA = YES;
				CLANG_WARN_CONSTANT_CONVERSION = YES;
				CLANG_WARN_DEPRECATED_OBJC_IMPLEMENTATIONS = YES;
				CLANG_WARN_DIRECT_OBJC_ISA_USAGE = YES_ERROR;
				CLANG_WARN_DOCUMENTATION_COMMENTS = YES;
				CLANG_WARN_EMPTY_BODY = YES;
				CLANG_WARN_ENUM_CONVERSION = YES;
				CLANG_WARN_INFINITE_RECURSION = YES;
				CLANG_WARN_INT_CONVERSION = YES;
				CLANG_WARN_NON_LITERAL_NULL_CONVERSION = YES;
				CLANG_WARN_OBJC_IMPLICIT_RETAIN_SELF = YES;
				CLANG_WARN_OBJC_LITERAL_CONVERSION = YES;
				CLANG_WARN_OBJC_ROOT_CLASS = YES_ERROR;
				CLANG_WARN_QUOTED_INCLUDE_IN_FRAMEWORK_HEADER = YES;
				CLANG_WARN_RANGE_LOOP_ANALYSIS = YES;
				CLANG_WARN_STRICT_PROTOTYPES = YES;
				CLANG_WARN_SUSPICIOUS_MOVE = YES;
				CLANG_WARN_UNGUARDED_AVAILABILITY = YES_AGGRESSIVE;
				CLANG_WARN_UNREACHABLE_CODE = YES;
				CLANG_WARN__DUPLICATE_METHOD_MATCH = YES;
				COPY_PHASE_STRIP = NO;
				DEBUG_INFORMATION_FORMAT = "dwarf-with-dsym";
				ENABLE_NS_ASSERTIONS = NO;
				ENABLE_STRICT_OBJC_MSGSEND = YES;
				GCC_C_LANGUAGE_STANDARD = gnu11;
				GCC_NO_COMMON_BLOCKS = YES;
				GCC_WARN_64_TO_32_BIT_CONVERSION = YES;
				GCC_WARN_ABOUT_RETURN_TYPE = YES_ERROR;
				GCC_WARN_UNDECLARED_SELECTOR = YES;
				GCC_WARN_UNINITIALIZED_AUTOS = YES_AGGRESSIVE;
				GCC_WARN_UNUSED_FUNCTION = YES;
				GCC_WARN_UNUSED_VARIABLE = YES;
				INFOPLIST_FILE = Tracker/Resources/Info.plist;
				IPHONEOS_DEPLOYMENT_TARGET = 15.2;
				MTL_ENABLE_DEBUG_INFO = NO;
				MTL_FAST_MATH = YES;
				SDKROOT = iphoneos;
				SWIFT_COMPILATION_MODE = wholemodule;
				SWIFT_OPTIMIZATION_LEVEL = "-O";
				VALIDATE_PRODUCT = YES;
			};
			name = Release;
		};
		D2929CC72DBEC577005CCC70 /* Debug */ = {
			isa = XCBuildConfiguration;
			buildSettings = {
				ASSETCATALOG_COMPILER_APPICON_NAME = AppIcon;
				ASSETCATALOG_COMPILER_GLOBAL_ACCENT_COLOR_NAME = AccentColor;
				CODE_SIGN_STYLE = Automatic;
				CURRENT_PROJECT_VERSION = 1;
				DEVELOPMENT_TEAM = 499MJS72J9;
				GENERATE_INFOPLIST_FILE = YES;
				INFOPLIST_FILE = Tracker/Resources/Info.plist;
				INFOPLIST_KEY_UIApplicationSupportsIndirectInputEvents = YES;
				INFOPLIST_KEY_UILaunchStoryboardName = LaunchScreen;
				INFOPLIST_KEY_UISupportedInterfaceOrientations = UIInterfaceOrientationPortrait;
				INFOPLIST_KEY_UISupportedInterfaceOrientations_iPad = "UIInterfaceOrientationPortrait UIInterfaceOrientationPortraitUpsideDown UIInterfaceOrientationLandscapeLeft UIInterfaceOrientationLandscapeRight";
				INFOPLIST_KEY_UISupportedInterfaceOrientations_iPhone = "UIInterfaceOrientationPortrait UIInterfaceOrientationLandscapeLeft UIInterfaceOrientationLandscapeRight";
				IPHONEOS_DEPLOYMENT_TARGET = 13.4;
				LD_RUNPATH_SEARCH_PATHS = (
					"$(inherited)",
					"@executable_path/Frameworks",
				);
				MARKETING_VERSION = 1.0;
				PRODUCT_BUNDLE_IDENTIFIER = ru.yandex.practicum.Tracker;
				PRODUCT_NAME = "$(TARGET_NAME)";
				SWIFT_EMIT_LOC_STRINGS = YES;
				SWIFT_VERSION = 5.0;
				TARGETED_DEVICE_FAMILY = 1;
			};
			name = Debug;
		};
		D2929CC82DBEC577005CCC70 /* Release */ = {
			isa = XCBuildConfiguration;
			buildSettings = {
				ASSETCATALOG_COMPILER_APPICON_NAME = AppIcon;
				ASSETCATALOG_COMPILER_GLOBAL_ACCENT_COLOR_NAME = AccentColor;
				CODE_SIGN_STYLE = Automatic;
				CURRENT_PROJECT_VERSION = 1;
				DEVELOPMENT_TEAM = 499MJS72J9;
				GENERATE_INFOPLIST_FILE = YES;
				INFOPLIST_FILE = Tracker/Resources/Info.plist;
				INFOPLIST_KEY_UIApplicationSupportsIndirectInputEvents = YES;
				INFOPLIST_KEY_UILaunchStoryboardName = LaunchScreen;
				INFOPLIST_KEY_UISupportedInterfaceOrientations = UIInterfaceOrientationPortrait;
				INFOPLIST_KEY_UISupportedInterfaceOrientations_iPad = "UIInterfaceOrientationPortrait UIInterfaceOrientationPortraitUpsideDown UIInterfaceOrientationLandscapeLeft UIInterfaceOrientationLandscapeRight";
				INFOPLIST_KEY_UISupportedInterfaceOrientations_iPhone = "UIInterfaceOrientationPortrait UIInterfaceOrientationLandscapeLeft UIInterfaceOrientationLandscapeRight";
				IPHONEOS_DEPLOYMENT_TARGET = 13.4;
				LD_RUNPATH_SEARCH_PATHS = (
					"$(inherited)",
					"@executable_path/Frameworks",
				);
				MARKETING_VERSION = 1.0;
				PRODUCT_BUNDLE_IDENTIFIER = ru.yandex.practicum.Tracker;
				PRODUCT_NAME = "$(TARGET_NAME)";
				SWIFT_EMIT_LOC_STRINGS = YES;
				SWIFT_VERSION = 5.0;
				TARGETED_DEVICE_FAMILY = 1;
			};
			name = Release;
		};
		D2929CCA2DBEC577005CCC70 /* Debug */ = {
			isa = XCBuildConfiguration;
			buildSettings = {
				ALWAYS_EMBED_SWIFT_STANDARD_LIBRARIES = YES;
				BUNDLE_LOADER = "$(TEST_HOST)";
				CODE_SIGN_STYLE = Automatic;
				CURRENT_PROJECT_VERSION = 1;
				DEVELOPMENT_TEAM = 499MJS72J9;
				GENERATE_INFOPLIST_FILE = YES;
				IPHONEOS_DEPLOYMENT_TARGET = 15.2;
				MARKETING_VERSION = 1.0;
				PRODUCT_BUNDLE_IDENTIFIER = ru.yandex.practicum.TrackerTests;
				PRODUCT_NAME = "$(TARGET_NAME)";
				SWIFT_EMIT_LOC_STRINGS = NO;
				SWIFT_VERSION = 5.0;
				TARGETED_DEVICE_FAMILY = "1,2";
				TEST_HOST = "$(BUILT_PRODUCTS_DIR)/Tracker.app/Tracker";
			};
			name = Debug;
		};
		D2929CCB2DBEC577005CCC70 /* Release */ = {
			isa = XCBuildConfiguration;
			buildSettings = {
				ALWAYS_EMBED_SWIFT_STANDARD_LIBRARIES = YES;
				BUNDLE_LOADER = "$(TEST_HOST)";
				CODE_SIGN_STYLE = Automatic;
				CURRENT_PROJECT_VERSION = 1;
				DEVELOPMENT_TEAM = 499MJS72J9;
				GENERATE_INFOPLIST_FILE = YES;
				IPHONEOS_DEPLOYMENT_TARGET = 15.2;
				MARKETING_VERSION = 1.0;
				PRODUCT_BUNDLE_IDENTIFIER = ru.yandex.practicum.TrackerTests;
				PRODUCT_NAME = "$(TARGET_NAME)";
				SWIFT_EMIT_LOC_STRINGS = NO;
				SWIFT_VERSION = 5.0;
				TARGETED_DEVICE_FAMILY = "1,2";
				TEST_HOST = "$(BUILT_PRODUCTS_DIR)/Tracker.app/Tracker";
			};
			name = Release;
		};
		D2929CCD2DBEC577005CCC70 /* Debug */ = {
			isa = XCBuildConfiguration;
			buildSettings = {
				ALWAYS_EMBED_SWIFT_STANDARD_LIBRARIES = YES;
				CODE_SIGN_STYLE = Automatic;
				CURRENT_PROJECT_VERSION = 1;
				DEVELOPMENT_TEAM = 499MJS72J9;
				GENERATE_INFOPLIST_FILE = YES;
				MARKETING_VERSION = 1.0;
				PRODUCT_BUNDLE_IDENTIFIER = ru.yandex.practicum.TrackerUITests;
				PRODUCT_NAME = "$(TARGET_NAME)";
				SWIFT_EMIT_LOC_STRINGS = NO;
				SWIFT_VERSION = 5.0;
				TARGETED_DEVICE_FAMILY = "1,2";
				TEST_TARGET_NAME = Tracker;
			};
			name = Debug;
		};
		D2929CCE2DBEC577005CCC70 /* Release */ = {
			isa = XCBuildConfiguration;
			buildSettings = {
				ALWAYS_EMBED_SWIFT_STANDARD_LIBRARIES = YES;
				CODE_SIGN_STYLE = Automatic;
				CURRENT_PROJECT_VERSION = 1;
				DEVELOPMENT_TEAM = 499MJS72J9;
				GENERATE_INFOPLIST_FILE = YES;
				MARKETING_VERSION = 1.0;
				PRODUCT_BUNDLE_IDENTIFIER = ru.yandex.practicum.TrackerUITests;
				PRODUCT_NAME = "$(TARGET_NAME)";
				SWIFT_EMIT_LOC_STRINGS = NO;
				SWIFT_VERSION = 5.0;
				TARGETED_DEVICE_FAMILY = "1,2";
				TEST_TARGET_NAME = Tracker;
			};
			name = Release;
		};
/* End XCBuildConfiguration section */

/* Begin XCConfigurationList section */
		D2929C942DBEC574005CCC70 /* Build configuration list for PBXProject "Tracker" */ = {
			isa = XCConfigurationList;
			buildConfigurations = (
				D2929CC42DBEC577005CCC70 /* Debug */,
				D2929CC52DBEC577005CCC70 /* Release */,
			);
			defaultConfigurationIsVisible = 0;
			defaultConfigurationName = Release;
		};
		D2929CC62DBEC577005CCC70 /* Build configuration list for PBXNativeTarget "Tracker" */ = {
			isa = XCConfigurationList;
			buildConfigurations = (
				D2929CC72DBEC577005CCC70 /* Debug */,
				D2929CC82DBEC577005CCC70 /* Release */,
			);
			defaultConfigurationIsVisible = 0;
			defaultConfigurationName = Release;
		};
		D2929CC92DBEC577005CCC70 /* Build configuration list for PBXNativeTarget "TrackerTests" */ = {
			isa = XCConfigurationList;
			buildConfigurations = (
				D2929CCA2DBEC577005CCC70 /* Debug */,
				D2929CCB2DBEC577005CCC70 /* Release */,
			);
			defaultConfigurationIsVisible = 0;
			defaultConfigurationName = Release;
		};
		D2929CCC2DBEC577005CCC70 /* Build configuration list for PBXNativeTarget "TrackerUITests" */ = {
			isa = XCConfigurationList;
			buildConfigurations = (
				D2929CCD2DBEC577005CCC70 /* Debug */,
				D2929CCE2DBEC577005CCC70 /* Release */,
			);
			defaultConfigurationIsVisible = 0;
			defaultConfigurationName = Release;
		};
/* End XCConfigurationList section */

/* Begin XCVersionGroup section */
		D2929CA52DBEC574005CCC70 /* Tracker.xcdatamodeld */ = {
			isa = XCVersionGroup;
			children = (
				D2929CA62DBEC574005CCC70 /* Tracker.xcdatamodel */,
			);
			currentVersion = D2929CA62DBEC574005CCC70 /* Tracker.xcdatamodel */;
			path = Tracker.xcdatamodeld;
			sourceTree = "<group>";
			versionGroupType = wrapper.xcdatamodel;
		};
/* End XCVersionGroup section */
	};
	rootObject = D2929C912DBEC574005CCC70 /* Project object */;
}
